
Microsoft Visual Studio Solution File, Format Version 12.00
# Visual Studio 15
VisualStudioVersion = 15.0.28307.271
MinimumVisualStudioVersion = 10.0.40219.1
Project("{FAE04EC0-301F-11D3-BF4B-00C04F79EFBC}") = "DatadogAzureFunctions", "DatadogAzureFunctions\DatadogAzureFunctions.csproj", "{F64ACD9D-02BE-4B07-9855-318CCE789C61}"
EndProject
Project("{FAE04EC0-301F-11D3-BF4B-00C04F79EFBC}") = "AzureFunctions.Monitoring.Datadog", "AzureFunctions.Monitoring.Datadog\AzureFunctions.Monitoring.Datadog.csproj", "{BB7399D0-D025-46C1-B927-30C4D66BB0EB}"
EndProject
Global
	GlobalSection(SolutionConfigurationPlatforms) = preSolution
		Debug|Any CPU = Debug|Any CPU
		Release|Any CPU = Release|Any CPU
	EndGlobalSection
	GlobalSection(ProjectConfigurationPlatforms) = postSolution
		{F64ACD9D-02BE-4B07-9855-318CCE789C61}.Debug|Any CPU.ActiveCfg = Debug|Any CPU
		{F64ACD9D-02BE-4B07-9855-318CCE789C61}.Debug|Any CPU.Build.0 = Debug|Any CPU
		{F64ACD9D-02BE-4B07-9855-318CCE789C61}.Release|Any CPU.ActiveCfg = Release|Any CPU
		{F64ACD9D-02BE-4B07-9855-318CCE789C61}.Release|Any CPU.Build.0 = Release|Any CPU
		{BB7399D0-D025-46C1-B927-30C4D66BB0EB}.Debug|Any CPU.ActiveCfg = Debug|Any CPU
		{BB7399D0-D025-46C1-B927-30C4D66BB0EB}.Debug|Any CPU.Build.0 = Debug|Any CPU
		{BB7399D0-D025-46C1-B927-30C4D66BB0EB}.Release|Any CPU.ActiveCfg = Release|Any CPU
		{BB7399D0-D025-46C1-B927-30C4D66BB0EB}.Release|Any CPU.Build.0 = Release|Any CPU
	EndGlobalSection
	GlobalSection(SolutionProperties) = preSolution
		HideSolutionNode = FALSE
	EndGlobalSection
	GlobalSection(ExtensibilityGlobals) = postSolution
		SolutionGuid = {D496A565-5AB5-4A9D-9057-2F13D000D3CB}
	EndGlobalSection
EndGlobal
